
Microsoft Visual Studio Solution File, Format Version 12.00
# Visual Studio Version 17
VisualStudioVersion = 17.6.33513.286
MinimumVisualStudioVersion = 10.0.40219.1
Project("{FAE04EC0-301F-11D3-BF4B-00C04F79EFBC}") = "BlazorApp.Demo", "BlazorApp.Demo\BlazorApp.Demo.csproj", "{1706533F-EC0B-4AC8-82C4-B11EDA413043}"
EndProject
Project("{FAE04EC0-301F-11D3-BF4B-00C04F79EFBC}") = "Demo.Api", "Demo.Api\Demo.Api.csproj", "{6E9799B5-3BD3-4267-AA9E-B09EA0DDED16}"
EndProject
Project("{FAE04EC0-301F-11D3-BF4B-00C04F79EFBC}") = "DemoModels", "DemoModels\DemoModels.csproj", "{FEF07D3B-BAFA-475A-A121-E20EAE449931}"
EndProject
Global
	GlobalSection(SolutionConfigurationPlatforms) = preSolution
		Debug|Any CPU = Debug|Any CPU
		Release|Any CPU = Release|Any CPU
	EndGlobalSection
	GlobalSection(ProjectConfigurationPlatforms) = postSolution
		{1706533F-EC0B-4AC8-82C4-B11EDA413043}.Debug|Any CPU.ActiveCfg = Debug|Any CPU
		{1706533F-EC0B-4AC8-82C4-B11EDA413043}.Debug|Any CPU.Build.0 = Debug|Any CPU
		{1706533F-EC0B-4AC8-82C4-B11EDA413043}.Release|Any CPU.ActiveCfg = Release|Any CPU
		{1706533F-EC0B-4AC8-82C4-B11EDA413043}.Release|Any CPU.Build.0 = Release|Any CPU
		{6E9799B5-3BD3-4267-AA9E-B09EA0DDED16}.Debug|Any CPU.ActiveCfg = Debug|Any CPU
		{6E9799B5-3BD3-4267-AA9E-B09EA0DDED16}.Debug|Any CPU.Build.0 = Debug|Any CPU
		{6E9799B5-3BD3-4267-AA9E-B09EA0DDED16}.Release|Any CPU.ActiveCfg = Release|Any CPU
		{6E9799B5-3BD3-4267-AA9E-B09EA0DDED16}.Release|Any CPU.Build.0 = Release|Any CPU
		{FEF07D3B-BAFA-475A-A121-E20EAE449931}.Debug|Any CPU.ActiveCfg = Debug|Any CPU
		{FEF07D3B-BAFA-475A-A121-E20EAE449931}.Debug|Any CPU.Build.0 = Debug|Any CPU
		{FEF07D3B-BAFA-475A-A121-E20EAE449931}.Release|Any CPU.ActiveCfg = Release|Any CPU
		{FEF07D3B-BAFA-475A-A121-E20EAE449931}.Release|Any CPU.Build.0 = Release|Any CPU
	EndGlobalSection
	GlobalSection(SolutionProperties) = preSolution
		HideSolutionNode = FALSE
	EndGlobalSection
	GlobalSection(ExtensibilityGlobals) = postSolution
		SolutionGuid = {7D4095A5-0803-4C66-B05C-8B46FECE047D}
	EndGlobalSection
EndGlobal
